// !$*UTF8*$!
{
	archiveVersion = 1;
	classes = {
	};
	objectVersion = 56;
	objects = {

/* Begin PBXBuildFile section */
		A538C389298645B800234BD7 /* ContentViewMain.swift in Sources */ = {isa = PBXBuildFile; fileRef = A538C388298645B800234BD7 /* ContentViewMain.swift */; };
		A538C38B2989652300234BD7 /* ContentDetailView.swift in Sources */ = {isa = PBXBuildFile; fileRef = A538C38A2989652300234BD7 /* ContentDetailView.swift */; };
		A538C38E29896C9F00234BD7 /* AVKit.framework in Frameworks */ = {isa = PBXBuildFile; fileRef = A538C38D29896C9F00234BD7 /* AVKit.framework */; };
		A538C39029896D4100234BD7 /* Constants.swift in Sources */ = {isa = PBXBuildFile; fileRef = A538C38F29896D4100234BD7 /* Constants.swift */; };
		A5F740F129840ABE001A4F70 /* Learning_AppApp.swift in Sources */ = {isa = PBXBuildFile; fileRef = A5F740F029840ABE001A4F70 /* Learning_AppApp.swift */; };
		A5F740F329840ABE001A4F70 /* HomeView.swift in Sources */ = {isa = PBXBuildFile; fileRef = A5F740F229840ABE001A4F70 /* HomeView.swift */; };
		A5F740F529840ABF001A4F70 /* Assets.xcassets in Resources */ = {isa = PBXBuildFile; fileRef = A5F740F429840ABF001A4F70 /* Assets.xcassets */; };
		A5F740F829840ABF001A4F70 /* Preview Assets.xcassets in Resources */ = {isa = PBXBuildFile; fileRef = A5F740F729840ABF001A4F70 /* Preview Assets.xcassets */; };
		A5F7410429840CDB001A4F70 /* ContentModel.swift in Sources */ = {isa = PBXBuildFile; fileRef = A5F7410329840CDB001A4F70 /* ContentModel.swift */; };
		A5F74106298434A9001A4F70 /* data.json in Resources */ = {isa = PBXBuildFile; fileRef = A5F74105298434A9001A4F70 /* data.json */; };
		A5F7410829843556001A4F70 /* style.html in Resources */ = {isa = PBXBuildFile; fileRef = A5F7410729843556001A4F70 /* style.html */; };
		A5F7410A29843A61001A4F70 /* Models.swift in Sources */ = {isa = PBXBuildFile; fileRef = A5F7410929843A61001A4F70 /* Models.swift */; };
		A5F7410C29851C54001A4F70 /* HomeViewCard.swift in Sources */ = {isa = PBXBuildFile; fileRef = A5F7410B29851C54001A4F70 /* HomeViewCard.swift */; };
		A5F7411029855AE9001A4F70 /* ContentViewCard.swift in Sources */ = {isa = PBXBuildFile; fileRef = A5F7410F29855AE9001A4F70 /* ContentViewCard.swift */; };
/* End PBXBuildFile section */

/* Begin PBXFileReference section */
		A538C388298645B800234BD7 /* ContentViewMain.swift */ = {isa = PBXFileReference; lastKnownFileType = sourcecode.swift; path = ContentViewMain.swift; sourceTree = "<group>"; };
		A538C38A2989652300234BD7 /* ContentDetailView.swift */ = {isa = PBXFileReference; lastKnownFileType = sourcecode.swift; path = ContentDetailView.swift; sourceTree = "<group>"; };
		A538C38D29896C9F00234BD7 /* AVKit.framework */ = {isa = PBXFileReference; lastKnownFileType = wrapper.framework; name = AVKit.framework; path = System/Library/Frameworks/AVKit.framework; sourceTree = SDKROOT; };
		A538C38F29896D4100234BD7 /* Constants.swift */ = {isa = PBXFileReference; lastKnownFileType = sourcecode.swift; path = Constants.swift; sourceTree = "<group>"; };
		A5F740ED29840ABE001A4F70 /* Learning App.app */ = {isa = PBXFileReference; explicitFileType = wrapper.application; includeInIndex = 0; path = "Learning App.app"; sourceTree = BUILT_PRODUCTS_DIR; };
		A5F740F029840ABE001A4F70 /* Learning_AppApp.swift */ = {isa = PBXFileReference; lastKnownFileType = sourcecode.swift; path = Learning_AppApp.swift; sourceTree = "<group>"; };
		A5F740F229840ABE001A4F70 /* HomeView.swift */ = {isa = PBXFileReference; lastKnownFileType = sourcecode.swift; path = HomeView.swift; sourceTree = "<group>"; };
		A5F740F429840ABF001A4F70 /* Assets.xcassets */ = {isa = PBXFileReference; lastKnownFileType = folder.assetcatalog; path = Assets.xcassets; sourceTree = "<group>"; };
		A5F740F729840ABF001A4F70 /* Preview Assets.xcassets */ = {isa = PBXFileReference; lastKnownFileType = folder.assetcatalog; path = "Preview Assets.xcassets"; sourceTree = "<group>"; };
		A5F7410329840CDB001A4F70 /* ContentModel.swift */ = {isa = PBXFileReference; lastKnownFileType = sourcecode.swift; path = ContentModel.swift; sourceTree = "<group>"; };
		A5F74105298434A9001A4F70 /* data.json */ = {isa = PBXFileReference; lastKnownFileType = text.json; path = data.json; sourceTree = "<group>"; };
		A5F7410729843556001A4F70 /* style.html */ = {isa = PBXFileReference; fileEncoding = 4; lastKnownFileType = text.html; path = style.html; sourceTree = "<group>"; };
		A5F7410929843A61001A4F70 /* Models.swift */ = {isa = PBXFileReference; lastKnownFileType = sourcecode.swift; path = Models.swift; sourceTree = "<group>"; };
		A5F7410B29851C54001A4F70 /* HomeViewCard.swift */ = {isa = PBXFileReference; lastKnownFileType = sourcecode.swift; path = HomeViewCard.swift; sourceTree = "<group>"; };
		A5F7410F29855AE9001A4F70 /* ContentViewCard.swift */ = {isa = PBXFileReference; lastKnownFileType = sourcecode.swift; path = ContentViewCard.swift; sourceTree = "<group>"; };
/* End PBXFileReference section */

/* Begin PBXFrameworksBuildPhase section */
		A5F740EA29840ABE001A4F70 /* Frameworks */ = {
			isa = PBXFrameworksBuildPhase;
			buildActionMask = 2147483647;
			files = (
				A538C38E29896C9F00234BD7 /* AVKit.framework in Frameworks */,
			);
			runOnlyForDeploymentPostprocessing = 0;
		};
/* End PBXFrameworksBuildPhase section */

/* Begin PBXGroup section */
		A538C38C29896C9F00234BD7 /* Frameworks */ = {
			isa = PBXGroup;
			children = (
				A538C38D29896C9F00234BD7 /* AVKit.framework */,
			);
			name = Frameworks;
			sourceTree = "<group>";
		};
		A5F740E429840ABE001A4F70 = {
			isa = PBXGroup;
			children = (
				A5F740EF29840ABE001A4F70 /* Learning App */,
				A5F740EE29840ABE001A4F70 /* Products */,
				A538C38C29896C9F00234BD7 /* Frameworks */,
			);
			sourceTree = "<group>";
		};
		A5F740EE29840ABE001A4F70 /* Products */ = {
			isa = PBXGroup;
			children = (
				A5F740ED29840ABE001A4F70 /* Learning App.app */,
			);
			name = Products;
			sourceTree = "<group>";
		};
		A5F740EF29840ABE001A4F70 /* Learning App */ = {
			isa = PBXGroup;
			children = (
				A5F740F029840ABE001A4F70 /* Learning_AppApp.swift */,
				A5F7410029840C22001A4F70 /* Model */,
				A5F740FE29840C06001A4F70 /* View */,
				A5F740FF29840C0D001A4F70 /* View Model */,
				A5F7410229840C69001A4F70 /* Helpers */,
				A5F7410129840C53001A4F70 /* Resources */,
				A5F740F429840ABF001A4F70 /* Assets.xcassets */,
				A5F740F629840ABF001A4F70 /* Preview Content */,
			);
			path = "Learning App";
			sourceTree = "<group>";
		};
		A5F740F629840ABF001A4F70 /* Preview Content */ = {
			isa = PBXGroup;
			children = (
				A5F740F729840ABF001A4F70 /* Preview Assets.xcassets */,
			);
			path = "Preview Content";
			sourceTree = "<group>";
		};
		A5F740FE29840C06001A4F70 /* View */ = {
			isa = PBXGroup;
			children = (
				A5F740F229840ABE001A4F70 /* HomeView.swift */,
				A538C388298645B800234BD7 /* ContentViewMain.swift */,
				A538C38A2989652300234BD7 /* ContentDetailView.swift */,
				A5F7410B29851C54001A4F70 /* HomeViewCard.swift */,
				A5F7410F29855AE9001A4F70 /* ContentViewCard.swift */,
			);
			path = View;
			sourceTree = "<group>";
		};
		A5F740FF29840C0D001A4F70 /* View Model */ = {
			isa = PBXGroup;
			children = (
				A5F7410329840CDB001A4F70 /* ContentModel.swift */,
			);
			path = "View Model";
			sourceTree = "<group>";
		};
		A5F7410029840C22001A4F70 /* Model */ = {
			isa = PBXGroup;
			children = (
				A5F7410929843A61001A4F70 /* Models.swift */,
			);
			path = Model;
			sourceTree = "<group>";
		};
		A5F7410129840C53001A4F70 /* Resources */ = {
			isa = PBXGroup;
			children = (
				A5F74105298434A9001A4F70 /* data.json */,
				A5F7410729843556001A4F70 /* style.html */,
				A538C38F29896D4100234BD7 /* Constants.swift */,
			);
			path = Resources;
			sourceTree = "<group>";
		};
		A5F7410229840C69001A4F70 /* Helpers */ = {
			isa = PBXGroup;
			children = (
			);
			path = Helpers;
			sourceTree = "<group>";
		};
/* End PBXGroup section */

/* Begin PBXNativeTarget section */
		A5F740EC29840ABE001A4F70 /* Learning App */ = {
			isa = PBXNativeTarget;
			buildConfigurationList = A5F740FB29840ABF001A4F70 /* Build configuration list for PBXNativeTarget "Learning App" */;
			buildPhases = (
				A5F740E929840ABE001A4F70 /* Sources */,
				A5F740EA29840ABE001A4F70 /* Frameworks */,
				A5F740EB29840ABE001A4F70 /* Resources */,
			);
			buildRules = (
			);
			dependencies = (
			);
			name = "Learning App";
			productName = "Learning App";
			productReference = A5F740ED29840ABE001A4F70 /* Learning App.app */;
			productType = "com.apple.product-type.application";
		};
/* End PBXNativeTarget section */

/* Begin PBXProject section */
		A5F740E529840ABE001A4F70 /* Project object */ = {
			isa = PBXProject;
			attributes = {
				BuildIndependentTargetsInParallel = 1;
				LastSwiftUpdateCheck = 1420;
				LastUpgradeCheck = 1420;
				TargetAttributes = {
					A5F740EC29840ABE001A4F70 = {
						CreatedOnToolsVersion = 14.2;
					};
				};
			};
			buildConfigurationList = A5F740E829840ABE001A4F70 /* Build configuration list for PBXProject "Learning App" */;
			compatibilityVersion = "Xcode 14.0";
			developmentRegion = en;
			hasScannedForEncodings = 0;
			knownRegions = (
				en,
				Base,
			);
			mainGroup = A5F740E429840ABE001A4F70;
			productRefGroup = A5F740EE29840ABE001A4F70 /* Products */;
			projectDirPath = "";
			projectRoot = "";
			targets = (
				A5F740EC29840ABE001A4F70 /* Learning App */,
			);
		};
/* End PBXProject section */

/* Begin PBXResourcesBuildPhase section */
		A5F740EB29840ABE001A4F70 /* Resources */ = {
			isa = PBXResourcesBuildPhase;
			buildActionMask = 2147483647;
			files = (
				A5F740F829840ABF001A4F70 /* Preview Assets.xcassets in Resources */,
				A5F74106298434A9001A4F70 /* data.json in Resources */,
				A5F7410829843556001A4F70 /* style.html in Resources */,
				A5F740F529840ABF001A4F70 /* Assets.xcassets in Resources */,
			);
			runOnlyForDeploymentPostprocessing = 0;
		};
/* End PBXResourcesBuildPhase section */

/* Begin PBXSourcesBuildPhase section */
		A5F740E929840ABE001A4F70 /* Sources */ = {
			isa = PBXSourcesBuildPhase;
			buildActionMask = 2147483647;
			files = (
				A5F740F329840ABE001A4F70 /* HomeView.swift in Sources */,
				A5F740F129840ABE001A4F70 /* Learning_AppApp.swift in Sources */,
				A5F7411029855AE9001A4F70 /* ContentViewCard.swift in Sources */,
				A538C38B2989652300234BD7 /* ContentDetailView.swift in Sources */,
				A5F7410429840CDB001A4F70 /* ContentModel.swift in Sources */,
				A5F7410A29843A61001A4F70 /* Models.swift in Sources */,
				A5F7410C29851C54001A4F70 /* HomeViewCard.swift in Sources */,
				A538C389298645B800234BD7 /* ContentViewMain.swift in Sources */,
				A538C39029896D4100234BD7 /* Constants.swift in Sources */,
			);
			runOnlyForDeploymentPostprocessing = 0;
		};
/* End PBXSourcesBuildPhase section */

/* Begin XCBuildConfiguration section */
		A5F740F929840ABF001A4F70 /* Debug */ = {
			isa = XCBuildConfiguration;
			buildSettings = {
				ALWAYS_SEARCH_USER_PATHS = NO;
				CLANG_ANALYZER_NONNULL = YES;
				CLANG_ANALYZER_NUMBER_OBJECT_CONVERSION = YES_AGGRESSIVE;
				CLANG_CXX_LANGUAGE_STANDARD = "gnu++20";
				CLANG_ENABLE_MODULES = YES;
				CLANG_ENABLE_OBJC_ARC = YES;
				CLANG_ENABLE_OBJC_WEAK = YES;
				CLANG_WARN_BLOCK_CAPTURE_AUTORELEASING = YES;
				CLANG_WARN_BOOL_CONVERSION = YES;
				CLANG_WARN_COMMA = YES;
				CLANG_WARN_CONSTANT_CONVERSION = YES;
				CLANG_WARN_DEPRECATED_OBJC_IMPLEMENTATIONS = YES;
				CLANG_WARN_DIRECT_OBJC_ISA_USAGE = YES_ERROR;
				CLANG_WARN_DOCUMENTATION_COMMENTS = YES;
				CLANG_WARN_EMPTY_BODY = YES;
				CLANG_WARN_ENUM_CONVERSION = YES;
				CLANG_WARN_INFINITE_RECURSION = YES;
				CLANG_WARN_INT_CONVERSION = YES;
				CLANG_WARN_NON_LITERAL_NULL_CONVERSION = YES;
				CLANG_WARN_OBJC_IMPLICIT_RETAIN_SELF = YES;
				CLANG_WARN_OBJC_LITERAL_CONVERSION = YES;
				CLANG_WARN_OBJC_ROOT_CLASS = YES_ERROR;
				CLANG_WARN_QUOTED_INCLUDE_IN_FRAMEWORK_HEADER = YES;
				CLANG_WARN_RANGE_LOOP_ANALYSIS = YES;
				CLANG_WARN_STRICT_PROTOTYPES = YES;
				CLANG_WARN_SUSPICIOUS_MOVE = YES;
				CLANG_WARN_UNGUARDED_AVAILABILITY = YES_AGGRESSIVE;
				CLANG_WARN_UNREACHABLE_CODE = YES;
				CLANG_WARN__DUPLICATE_METHOD_MATCH = YES;
				COPY_PHASE_STRIP = NO;
				DEBUG_INFORMATION_FORMAT = dwarf;
				ENABLE_STRICT_OBJC_MSGSEND = YES;
				ENABLE_TESTABILITY = YES;
				GCC_C_LANGUAGE_STANDARD = gnu11;
				GCC_DYNAMIC_NO_PIC = NO;
				GCC_NO_COMMON_BLOCKS = YES;
				GCC_OPTIMIZATION_LEVEL = 0;
				GCC_PREPROCESSOR_DEFINITIONS = (
					"DEBUG=1",
					"$(inherited)",
				);
				GCC_WARN_64_TO_32_BIT_CONVERSION = YES;
				GCC_WARN_ABOUT_RETURN_TYPE = YES_ERROR;
				GCC_WARN_UNDECLARED_SELECTOR = YES;
				GCC_WARN_UNINITIALIZED_AUTOS = YES_AGGRESSIVE;
				GCC_WARN_UNUSED_FUNCTION = YES;
				GCC_WARN_UNUSED_VARIABLE = YES;
				IPHONEOS_DEPLOYMENT_TARGET = 16.2;
				MTL_ENABLE_DEBUG_INFO = INCLUDE_SOURCE;
				MTL_FAST_MATH = YES;
				ONLY_ACTIVE_ARCH = YES;
				SDKROOT = iphoneos;
				SWIFT_ACTIVE_COMPILATION_CONDITIONS = DEBUG;
				SWIFT_OPTIMIZATION_LEVEL = "-Onone";
			};
			name = Debug;
		};
		A5F740FA29840ABF001A4F70 /* Release */ = {
			isa = XCBuildConfiguration;
			buildSettings = {
				ALWAYS_SEARCH_USER_PATHS = NO;
				CLANG_ANALYZER_NONNULL = YES;
				CLANG_ANALYZER_NUMBER_OBJECT_CONVERSION = YES_AGGRESSIVE;
				CLANG_CXX_LANGUAGE_STANDARD = "gnu++20";
				CLANG_ENABLE_MODULES = YES;
				CLANG_ENABLE_OBJC_ARC = YES;
				CLANG_ENABLE_OBJC_WEAK = YES;
				CLANG_WARN_BLOCK_CAPTURE_AUTORELEASING = YES;
				CLANG_WARN_BOOL_CONVERSION = YES;
				CLANG_WARN_COMMA = YES;
				CLANG_WARN_CONSTANT_CONVERSION = YES;
				CLANG_WARN_DEPRECATED_OBJC_IMPLEMENTATIONS = YES;
				CLANG_WARN_DIRECT_OBJC_ISA_USAGE = YES_ERROR;
				CLANG_WARN_DOCUMENTATION_COMMENTS = YES;
				CLANG_WARN_EMPTY_BODY = YES;
				CLANG_WARN_ENUM_CONVERSION = YES;
				CLANG_WARN_INFINITE_RECURSION = YES;
				CLANG_WARN_INT_CONVERSION = YES;
				CLANG_WARN_NON_LITERAL_NULL_CONVERSION = YES;
				CLANG_WARN_OBJC_IMPLICIT_RETAIN_SELF = YES;
				CLANG_WARN_OBJC_LITERAL_CONVERSION = YES;
				CLANG_WARN_OBJC_ROOT_CLASS = YES_ERROR;
				CLANG_WARN_QUOTED_INCLUDE_IN_FRAMEWORK_HEADER = YES;
				CLANG_WARN_RANGE_LOOP_ANALYSIS = YES;
				CLANG_WARN_STRICT_PROTOTYPES = YES;
				CLANG_WARN_SUSPICIOUS_MOVE = YES;
				CLANG_WARN_UNGUARDED_AVAILABILITY = YES_AGGRESSIVE;
				CLANG_WARN_UNREACHABLE_CODE = YES;
				CLANG_WARN__DUPLICATE_METHOD_MATCH = YES;
				COPY_PHASE_STRIP = NO;
				DEBUG_INFORMATION_FORMAT = "dwarf-with-dsym";
				ENABLE_NS_ASSERTIONS = NO;
				ENABLE_STRICT_OBJC_MSGSEND = YES;
				GCC_C_LANGUAGE_STANDARD = gnu11;
				GCC_NO_COMMON_BLOCKS = YES;
				GCC_WARN_64_TO_32_BIT_CONVERSION = YES;
				GCC_WARN_ABOUT_RETURN_TYPE = YES_ERROR;
				GCC_WARN_UNDECLARED_SELECTOR = YES;
				GCC_WARN_UNINITIALIZED_AUTOS = YES_AGGRESSIVE;
				GCC_WARN_UNUSED_FUNCTION = YES;
				GCC_WARN_UNUSED_VARIABLE = YES;
				IPHONEOS_DEPLOYMENT_TARGET = 16.2;
				MTL_ENABLE_DEBUG_INFO = NO;
				MTL_FAST_MATH = YES;
				SDKROOT = iphoneos;
				SWIFT_COMPILATION_MODE = wholemodule;
				SWIFT_OPTIMIZATION_LEVEL = "-O";
				VALIDATE_PRODUCT = YES;
			};
			name = Release;
		};
		A5F740FC29840ABF001A4F70 /* Debug */ = {
			isa = XCBuildConfiguration;
			buildSettings = {
				ASSETCATALOG_COMPILER_APPICON_NAME = AppIcon;
				ASSETCATALOG_COMPILER_GLOBAL_ACCENT_COLOR_NAME = AccentColor;
				CODE_SIGN_STYLE = Automatic;
				CURRENT_PROJECT_VERSION = 1;
				DEVELOPMENT_ASSET_PATHS = "\"Learning App/Preview Content\"";
				DEVELOPMENT_TEAM = NAG9CHUC6L;
				ENABLE_PREVIEWS = YES;
				GENERATE_INFOPLIST_FILE = YES;
				INFOPLIST_KEY_UIApplicationSceneManifest_Generation = YES;
				INFOPLIST_KEY_UIApplicationSupportsIndirectInputEvents = YES;
				INFOPLIST_KEY_UILaunchScreen_Generation = YES;
				INFOPLIST_KEY_UISupportedInterfaceOrientations_iPad = "UIInterfaceOrientationPortrait UIInterfaceOrientationPortraitUpsideDown UIInterfaceOrientationLandscapeLeft UIInterfaceOrientationLandscapeRight";
				INFOPLIST_KEY_UISupportedInterfaceOrientations_iPhone = "UIInterfaceOrientationPortrait UIInterfaceOrientationLandscapeLeft UIInterfaceOrientationLandscapeRight";
				LD_RUNPATH_SEARCH_PATHS = (
					"$(inherited)",
					"@executable_path/Frameworks",
				);
				MARKETING_VERSION = 1.0;
				PRODUCT_BUNDLE_IDENTIFIER = "udaycodes.Learning-App";
				PRODUCT_NAME = "$(TARGET_NAME)";
				SWIFT_EMIT_LOC_STRINGS = YES;
				SWIFT_VERSION = 5.0;
				TARGETED_DEVICE_FAMILY = "1,2";
			};
			name = Debug;
		};
		A5F740FD29840ABF001A4F70 /* Release */ = {
			isa = XCBuildConfiguration;
			buildSettings = {
				ASSETCATALOG_COMPILER_APPICON_NAME = AppIcon;
				ASSETCATALOG_COMPILER_GLOBAL_ACCENT_COLOR_NAME = AccentColor;
				CODE_SIGN_STYLE = Automatic;
				CURRENT_PROJECT_VERSION = 1;
				DEVELOPMENT_ASSET_PATHS = "\"Learning App/Preview Content\"";
				DEVELOPMENT_TEAM = NAG9CHUC6L;
				ENABLE_PREVIEWS = YES;
				GENERATE_INFOPLIST_FILE = YES;
				INFOPLIST_KEY_UIApplicationSceneManifest_Generation = YES;
				INFOPLIST_KEY_UIApplicationSupportsIndirectInputEvents = YES;
				INFOPLIST_KEY_UILaunchScreen_Generation = YES;
				INFOPLIST_KEY_UISupportedInterfaceOrientations_iPad = "UIInterfaceOrientationPortrait UIInterfaceOrientationPortraitUpsideDown UIInterfaceOrientationLandscapeLeft UIInterfaceOrientationLandscapeRight";
				INFOPLIST_KEY_UISupportedInterfaceOrientations_iPhone = "UIInterfaceOrientationPortrait UIInterfaceOrientationLandscapeLeft UIInterfaceOrientationLandscapeRight";
				LD_RUNPATH_SEARCH_PATHS = (
					"$(inherited)",
					"@executable_path/Frameworks",
				);
				MARKETING_VERSION = 1.0;
				PRODUCT_BUNDLE_IDENTIFIER = "udaycodes.Learning-App";
				PRODUCT_NAME = "$(TARGET_NAME)";
				SWIFT_EMIT_LOC_STRINGS = YES;
				SWIFT_VERSION = 5.0;
				TARGETED_DEVICE_FAMILY = "1,2";
			};
			name = Release;
		};
/* End XCBuildConfiguration section */

/* Begin XCConfigurationList section */
		A5F740E829840ABE001A4F70 /* Build configuration list for PBXProject "Learning App" */ = {
			isa = XCConfigurationList;
			buildConfigurations = (
				A5F740F929840ABF001A4F70 /* Debug */,
				A5F740FA29840ABF001A4F70 /* Release */,
			);
			defaultConfigurationIsVisible = 0;
			defaultConfigurationName = Release;
		};
		A5F740FB29840ABF001A4F70 /* Build configuration list for PBXNativeTarget "Learning App" */ = {
			isa = XCConfigurationList;
			buildConfigurations = (
				A5F740FC29840ABF001A4F70 /* Debug */,
				A5F740FD29840ABF001A4F70 /* Release */,
			);
			defaultConfigurationIsVisible = 0;
			defaultConfigurationName = Release;
		};
/* End XCConfigurationList section */
	};
	rootObject = A5F740E529840ABE001A4F70 /* Project object */;
}
